
Microsoft Visual Studio Solution File, Format Version 12.00
# Visual Studio Version 17
VisualStudioVersion = 17.0.31903.59
MinimumVisualStudioVersion = 10.0.40219.1
Project("{FAE04EC0-301F-11D3-BF4B-00C04F79EFBC}") = "tSQLtAssemblyKey", "tSQLtAssemblyKey\tSQLtAssemblyKey.csproj", "{C4788CD5-0135-4673-9DAC-A5B12A67FC2F}"
EndProject
Project("{FAE04EC0-301F-11D3-BF4B-00C04F79EFBC}") = "tSQLtCLR", "tSQLtCLR\tSQLtCLR.csproj", "{14F77242-1DE1-4793-BDD6-60A745782D49}"
EndProject
Project("{FAE04EC0-301F-11D3-BF4B-00C04F79EFBC}") = "tSQLtTestUtilCLR", "tSQLtTestUtilCLR\tSQLtTestUtilCLR.csproj", "{293236E9-8A9F-4966-AD56-CFE395009DE7}"
EndProject
Project("{FAE04EC0-301F-11D3-BF4B-00C04F79EFBC}") = "UnsignedEmpty", "UnsignedEmpty\UnsignedEmpty.csproj", "{83863674-4DC7-4FB5-8E56-DDD48D350A91}"
EndProject
Global
	GlobalSection(SolutionConfigurationPlatforms) = preSolution
		Debug|Any CPU = Debug|Any CPU
		Release|Any CPU = Release|Any CPU
	EndGlobalSection
	GlobalSection(SolutionProperties) = preSolution
		HideSolutionNode = FALSE
	EndGlobalSection
	GlobalSection(ProjectConfigurationPlatforms) = postSolution
		{C4788CD5-0135-4673-9DAC-A5B12A67FC2F}.Debug|Any CPU.ActiveCfg = Debug|Any CPU
		{C4788CD5-0135-4673-9DAC-A5B12A67FC2F}.Debug|Any CPU.Build.0 = Debug|Any CPU
		{C4788CD5-0135-4673-9DAC-A5B12A67FC2F}.Release|Any CPU.ActiveCfg = Release|Any CPU
		{C4788CD5-0135-4673-9DAC-A5B12A67FC2F}.Release|Any CPU.Build.0 = Release|Any CPU
		{14F77242-1DE1-4793-BDD6-60A745782D49}.Debug|Any CPU.ActiveCfg = Debug|Any CPU
		{14F77242-1DE1-4793-BDD6-60A745782D49}.Debug|Any CPU.Build.0 = Debug|Any CPU
		{14F77242-1DE1-4793-BDD6-60A745782D49}.Release|Any CPU.ActiveCfg = Release|Any CPU
		{14F77242-1DE1-4793-BDD6-60A745782D49}.Release|Any CPU.Build.0 = Release|Any CPU
		{293236E9-8A9F-4966-AD56-CFE395009DE7}.Debug|Any CPU.ActiveCfg = Debug|Any CPU
		{293236E9-8A9F-4966-AD56-CFE395009DE7}.Debug|Any CPU.Build.0 = Debug|Any CPU
		{293236E9-8A9F-4966-AD56-CFE395009DE7}.Release|Any CPU.ActiveCfg = Release|Any CPU
		{293236E9-8A9F-4966-AD56-CFE395009DE7}.Release|Any CPU.Build.0 = Release|Any CPU
		{83863674-4DC7-4FB5-8E56-DDD48D350A91}.Debug|Any CPU.ActiveCfg = Debug|Any CPU
		{83863674-4DC7-4FB5-8E56-DDD48D350A91}.Debug|Any CPU.Build.0 = Debug|Any CPU
		{83863674-4DC7-4FB5-8E56-DDD48D350A91}.Release|Any CPU.ActiveCfg = Release|Any CPU
		{83863674-4DC7-4FB5-8E56-DDD48D350A91}.Release|Any CPU.Build.0 = Release|Any CPU
	EndGlobalSection
EndGlobal
